
Microsoft Visual Studio Solution File, Format Version 12.00
# Visual Studio Version 17
VisualStudioVersion = 17.4.33213.308
MinimumVisualStudioVersion = 10.0.40219.1
Project("{8BC9CEB8-8B4A-11D0-8D11-00A0C91BC942}") = "LocoMotor_Main", "projects\LocoMotor_Main\LocoMotor_Main.vcxproj", "{A45134F8-658A-44DE-8FC2-577F66A904FB}"
	ProjectSection(ProjectDependencies) = postProject
		{60EBCDD9-3AE2-4DDD-A63C-AB95675F0697} = {60EBCDD9-3AE2-4DDD-A63C-AB95675F0697}
		{66DD82B0-69B5-48E0-A5CE-C0CBC7BB8A59} = {66DD82B0-69B5-48E0-A5CE-C0CBC7BB8A59}
		{66FA21BD-B342-43A6-9F62-0D6909F2857A} = {66FA21BD-B342-43A6-9F62-0D6909F2857A}
		{68171D82-D291-41A3-B9FF-99131B236BD3} = {68171D82-D291-41A3-B9FF-99131B236BD3}
		{CA07C233-0840-421F-955F-1252E316329D} = {CA07C233-0840-421F-955F-1252E316329D}
	EndProjectSection
EndProject
Project("{8BC9CEB8-8B4A-11D0-8D11-00A0C91BC942}") = "LocoMotor_Audio", "projects\LocoMotor_Audio\LocoMotor_Audio.vcxproj", "{60EBCDD9-3AE2-4DDD-A63C-AB95675F0697}"
EndProject
Project("{8BC9CEB8-8B4A-11D0-8D11-00A0C91BC942}") = "LocoMotor_Core", "projects\LocoMotor_Core\LocoMotor_Core.vcxproj", "{66DD82B0-69B5-48E0-A5CE-C0CBC7BB8A59}"
EndProject
Project("{8BC9CEB8-8B4A-11D0-8D11-00A0C91BC942}") = "LocoMotor_Graphics", "projects\LocoMotor_Graphics\LocoMotor_Graphics.vcxproj", "{66FA21BD-B342-43A6-9F62-0D6909F2857A}"
EndProject
Project("{8BC9CEB8-8B4A-11D0-8D11-00A0C91BC942}") = "LocoMotor_Physics", "projects\LocoMotor_Physics\LocoMotor_Physics.vcxproj", "{68171D82-D291-41A3-B9FF-99131B236BD3}"
EndProject
Project("{8BC9CEB8-8B4A-11D0-8D11-00A0C91BC942}") = "LocoMotor_Scripting", "projects\LocoMotor_Scripting\LocoMotor_Scripting.vcxproj", "{49A74130-272F-4B27-AB4F-BE54A177941E}"
EndProject
Project("{2150E333-8FDC-42A3-9474-1A3956D46DE8}") = "Elementos de la solución", "Elementos de la solución", "{4A6CD811-D0C3-466B-8778-E4A76B2F0DB8}"
	ProjectSection(SolutionItems) = preProject
		.editorconfig = .editorconfig
	EndProjectSection
EndProject
Project("{8BC9CEB8-8B4A-11D0-8D11-00A0C91BC942}") = "Locomotor_Input", "projects\Locomotor_Input\Locomotor_Input\Locomotor_Input.vcxproj", "{CA07C233-0840-421F-955F-1252E316329D}"
EndProject
Project("{8BC9CEB8-8B4A-11D0-8D11-00A0C91BC942}") = "LocoMotor_Api", "projects\LocoMotor_Api\LocoMotor_Api.vcxproj", "{7AF34C2D-3F9D-4848-BAC2-0DD6D08D00DA}"
EndProject
Project("{2150E333-8FDC-42A3-9474-1A3956D46DE8}") = "Modulos", "Modulos", "{3700F69F-BCC6-472C-8CDF-2FE45F65ED30}"
EndProject
Global
	GlobalSection(SolutionConfigurationPlatforms) = preSolution
		Debug|x64 = Debug|x64
		Debug|x86 = Debug|x86
		Release|x64 = Release|x64
		Release|x86 = Release|x86
	EndGlobalSection
	GlobalSection(ProjectConfigurationPlatforms) = postSolution
		{A45134F8-658A-44DE-8FC2-577F66A904FB}.Debug|x64.ActiveCfg = Debug|x64
		{A45134F8-658A-44DE-8FC2-577F66A904FB}.Debug|x64.Build.0 = Debug|x64
		{A45134F8-658A-44DE-8FC2-577F66A904FB}.Debug|x86.ActiveCfg = Debug|x64
		{A45134F8-658A-44DE-8FC2-577F66A904FB}.Debug|x86.Build.0 = Debug|x64
		{A45134F8-658A-44DE-8FC2-577F66A904FB}.Release|x64.ActiveCfg = Release|x64
		{A45134F8-658A-44DE-8FC2-577F66A904FB}.Release|x64.Build.0 = Release|x64
		{A45134F8-658A-44DE-8FC2-577F66A904FB}.Release|x86.ActiveCfg = Release|x64
		{A45134F8-658A-44DE-8FC2-577F66A904FB}.Release|x86.Build.0 = Release|x64
		{60EBCDD9-3AE2-4DDD-A63C-AB95675F0697}.Debug|x64.ActiveCfg = Debug|x64
		{60EBCDD9-3AE2-4DDD-A63C-AB95675F0697}.Debug|x64.Build.0 = Debug|x64
		{60EBCDD9-3AE2-4DDD-A63C-AB95675F0697}.Debug|x86.ActiveCfg = Debug|x64
		{60EBCDD9-3AE2-4DDD-A63C-AB95675F0697}.Debug|x86.Build.0 = Debug|x64
		{60EBCDD9-3AE2-4DDD-A63C-AB95675F0697}.Release|x64.ActiveCfg = Release|x64
		{60EBCDD9-3AE2-4DDD-A63C-AB95675F0697}.Release|x64.Build.0 = Release|x64
		{60EBCDD9-3AE2-4DDD-A63C-AB95675F0697}.Release|x86.ActiveCfg = Release|x64
		{60EBCDD9-3AE2-4DDD-A63C-AB95675F0697}.Release|x86.Build.0 = Release|x64
		{66DD82B0-69B5-48E0-A5CE-C0CBC7BB8A59}.Debug|x64.ActiveCfg = Debug|x64
		{66DD82B0-69B5-48E0-A5CE-C0CBC7BB8A59}.Debug|x64.Build.0 = Debug|x64
		{66DD82B0-69B5-48E0-A5CE-C0CBC7BB8A59}.Debug|x86.ActiveCfg = Debug|x64
		{66DD82B0-69B5-48E0-A5CE-C0CBC7BB8A59}.Debug|x86.Build.0 = Debug|x64
		{66DD82B0-69B5-48E0-A5CE-C0CBC7BB8A59}.Release|x64.ActiveCfg = Release|x64
		{66DD82B0-69B5-48E0-A5CE-C0CBC7BB8A59}.Release|x64.Build.0 = Release|x64
		{66DD82B0-69B5-48E0-A5CE-C0CBC7BB8A59}.Release|x86.ActiveCfg = Release|x64
		{66DD82B0-69B5-48E0-A5CE-C0CBC7BB8A59}.Release|x86.Build.0 = Release|x64
		{66FA21BD-B342-43A6-9F62-0D6909F2857A}.Debug|x64.ActiveCfg = Debug|x64
		{66FA21BD-B342-43A6-9F62-0D6909F2857A}.Debug|x64.Build.0 = Debug|x64
		{66FA21BD-B342-43A6-9F62-0D6909F2857A}.Debug|x86.ActiveCfg = Debug|x64
		{66FA21BD-B342-43A6-9F62-0D6909F2857A}.Debug|x86.Build.0 = Debug|x64
		{66FA21BD-B342-43A6-9F62-0D6909F2857A}.Release|x64.ActiveCfg = Release|x64
		{66FA21BD-B342-43A6-9F62-0D6909F2857A}.Release|x64.Build.0 = Release|x64
		{66FA21BD-B342-43A6-9F62-0D6909F2857A}.Release|x86.ActiveCfg = Release|x64
		{66FA21BD-B342-43A6-9F62-0D6909F2857A}.Release|x86.Build.0 = Release|x64
		{68171D82-D291-41A3-B9FF-99131B236BD3}.Debug|x64.ActiveCfg = Debug|x64
		{68171D82-D291-41A3-B9FF-99131B236BD3}.Debug|x64.Build.0 = Debug|x64
		{68171D82-D291-41A3-B9FF-99131B236BD3}.Debug|x86.ActiveCfg = Debug|x64
		{68171D82-D291-41A3-B9FF-99131B236BD3}.Debug|x86.Build.0 = Debug|x64
		{68171D82-D291-41A3-B9FF-99131B236BD3}.Release|x64.ActiveCfg = Release|x64
		{68171D82-D291-41A3-B9FF-99131B236BD3}.Release|x64.Build.0 = Release|x64
		{68171D82-D291-41A3-B9FF-99131B236BD3}.Release|x86.ActiveCfg = Release|x64
		{68171D82-D291-41A3-B9FF-99131B236BD3}.Release|x86.Build.0 = Release|x64
		{49A74130-272F-4B27-AB4F-BE54A177941E}.Debug|x64.ActiveCfg = Debug|x64
		{49A74130-272F-4B27-AB4F-BE54A177941E}.Debug|x64.Build.0 = Debug|x64
		{49A74130-272F-4B27-AB4F-BE54A177941E}.Debug|x86.ActiveCfg = Debug|x64
		{49A74130-272F-4B27-AB4F-BE54A177941E}.Debug|x86.Build.0 = Debug|x64
		{49A74130-272F-4B27-AB4F-BE54A177941E}.Release|x64.ActiveCfg = Release|x64
		{49A74130-272F-4B27-AB4F-BE54A177941E}.Release|x64.Build.0 = Release|x64
		{49A74130-272F-4B27-AB4F-BE54A177941E}.Release|x86.ActiveCfg = Release|x64
		{49A74130-272F-4B27-AB4F-BE54A177941E}.Release|x86.Build.0 = Release|x64
		{CA07C233-0840-421F-955F-1252E316329D}.Debug|x64.ActiveCfg = Debug|x64
		{CA07C233-0840-421F-955F-1252E316329D}.Debug|x64.Build.0 = Debug|x64
		{CA07C233-0840-421F-955F-1252E316329D}.Debug|x86.ActiveCfg = Debug|Win32
		{CA07C233-0840-421F-955F-1252E316329D}.Debug|x86.Build.0 = Debug|Win32
		{CA07C233-0840-421F-955F-1252E316329D}.Release|x64.ActiveCfg = Release|x64
		{CA07C233-0840-421F-955F-1252E316329D}.Release|x64.Build.0 = Release|x64
		{CA07C233-0840-421F-955F-1252E316329D}.Release|x86.ActiveCfg = Release|Win32
		{CA07C233-0840-421F-955F-1252E316329D}.Release|x86.Build.0 = Release|Win32
		{7AF34C2D-3F9D-4848-BAC2-0DD6D08D00DA}.Debug|x64.ActiveCfg = Debug|x64
		{7AF34C2D-3F9D-4848-BAC2-0DD6D08D00DA}.Debug|x64.Build.0 = Debug|x64
		{7AF34C2D-3F9D-4848-BAC2-0DD6D08D00DA}.Debug|x86.ActiveCfg = Debug|x64
		{7AF34C2D-3F9D-4848-BAC2-0DD6D08D00DA}.Debug|x86.Build.0 = Debug|x64
		{7AF34C2D-3F9D-4848-BAC2-0DD6D08D00DA}.Release|x64.ActiveCfg = Release|x64
		{7AF34C2D-3F9D-4848-BAC2-0DD6D08D00DA}.Release|x64.Build.0 = Release|x64
		{7AF34C2D-3F9D-4848-BAC2-0DD6D08D00DA}.Release|x86.ActiveCfg = Release|x64
		{7AF34C2D-3F9D-4848-BAC2-0DD6D08D00DA}.Release|x86.Build.0 = Release|x64
	EndGlobalSection
	GlobalSection(SolutionProperties) = preSolution
		HideSolutionNode = FALSE
	EndGlobalSection
	GlobalSection(NestedProjects) = preSolution
		{60EBCDD9-3AE2-4DDD-A63C-AB95675F0697} = {3700F69F-BCC6-472C-8CDF-2FE45F65ED30}
		{66FA21BD-B342-43A6-9F62-0D6909F2857A} = {3700F69F-BCC6-472C-8CDF-2FE45F65ED30}
		{68171D82-D291-41A3-B9FF-99131B236BD3} = {3700F69F-BCC6-472C-8CDF-2FE45F65ED30}
		{49A74130-272F-4B27-AB4F-BE54A177941E} = {3700F69F-BCC6-472C-8CDF-2FE45F65ED30}
		{CA07C233-0840-421F-955F-1252E316329D} = {3700F69F-BCC6-472C-8CDF-2FE45F65ED30}
	EndGlobalSection
	GlobalSection(ExtensibilityGlobals) = postSolution
		SolutionGuid = {1AC573A2-38C0-47D0-990B-9182058C5DC4}
	EndGlobalSection
EndGlobal
